
Microsoft Visual Studio Solution File, Format Version 12.00
# Visual Studio Version 17
VisualStudioVersion = 17.2.32630.192
MinimumVisualStudioVersion = 10.0.40219.1
Project("{FAE04EC0-301F-11D3-BF4B-00C04F79EFBC}") = "University Calendar", "University Calendar\University Calendar.csproj", "{0D20CA6D-8542-4854-BD6A-5FE32704F631}"
EndProject
Global
	GlobalSection(SolutionConfigurationPlatforms) = preSolution
		Debug|Any CPU = Debug|Any CPU
		Release|Any CPU = Release|Any CPU
	EndGlobalSection
	GlobalSection(ProjectConfigurationPlatforms) = postSolution
		{0D20CA6D-8542-4854-BD6A-5FE32704F631}.Debug|Any CPU.ActiveCfg = Debug|Any CPU
		{0D20CA6D-8542-4854-BD6A-5FE32704F631}.Debug|Any CPU.Build.0 = Debug|Any CPU
		{0D20CA6D-8542-4854-BD6A-5FE32704F631}.Release|Any CPU.ActiveCfg = Release|Any CPU
		{0D20CA6D-8542-4854-BD6A-5FE32704F631}.Release|Any CPU.Build.0 = Release|Any CPU
	EndGlobalSection
	GlobalSection(SolutionProperties) = preSolution
		HideSolutionNode = FALSE
	EndGlobalSection
	GlobalSection(ExtensibilityGlobals) = postSolution
		SolutionGuid = {DAA8EB89-A0DE-476F-B208-6E48F7243183}
	EndGlobalSection
EndGlobal
